{
  "meteor": {},
  "dependencies": {
    "basePackages": {
      "iron-router": {},
      "bootstrap3-less": {},
      "spin": {},
      "flash-messages": {},
      "i18n": {},
      "font-awesome-4": {},
      "cookie": {},
      "moment": {},
      "nprogress": {},
      "marked": {},
      "typeahead-js": {}
    },
    "packages": {
      "iron-router": {
        "git": "https://github.com/EventedMind/iron-router.git",
        "tag": "v0.6.1",
        "commit": "4e1ee0581d68bff422a915dacb0bd30eae10fe08"
      },
      "bootstrap3-less": {
        "git": "https://github.com/eprochasson/bootstrap3-less",
        "tag": "v0.1.5",
        "commit": "5074432c020ffc7a676a812e92104ce0fa96080f"
      },
      "spin": {
        "git": "https://github.com/SachaG/meteor-spin.git",
        "tag": "v0.2.0",
        "commit": "fd3a2871a69442848b4b4e74f5e1ae28fa4a95a4"
      },
      "flash-messages": {
        "git": "https://github.com/camilosw/flash-messages.git",
        "tag": "v0.2.1",
        "commit": "62cf1ee531684808b91dbe3ff15e63f6d5af1c66"
      },
      "i18n": {
        "git": "https://github.com/jerico-dev/meteor-i18n.git",
        "tag": "v0.1.1",
        "commit": "f0fefadc5cc426cf342f0cf1bff3f04390beaa7c"
      },
      "font-awesome-4": {
        "git": "https://github.com/michaelbishop/meteor-font-awesome-4.git",
        "tag": "v4.0.0",
        "commit": "c28b5a0f2a2bd233c495642b40a167eda95172f5"
      },
      "cookie": {
        "git": "https://github.com/chuangbo/meteor-cookie.git",
        "tag": "v1.0.2.3",
        "commit": "f39620ef5650642c38f51b512d82a9b34924b609"
      },
      "moment": {
        "git": "https://github.com/acreeger/meteor-moment.git",
        "tag": "v2.2.1",
        "commit": "9ee12e714afe56b189f53076447b7b54f3012065"
      },
      "nprogress": {
        "git": "https://github.com/zhouzhuojie/meteor-nprogress.git",
        "tag": "v0.0.3",
        "commit": "ffd1c5dd400af64121197f4e637a215c4b6b1fc7"
      },
      "marked": {
        "git": "https://github.com/chuangbo/meteor-marked.git",
        "tag": "v0.2.9",
        "commit": "6485d6f03841501f81176e34ab375840473aa714"
      },
      "typeahead-js": {
        "git": "https://github.com/olragon/meteor-typeahead-js.git",
        "tag": "v0.9.3",
        "commit": "9241c6c68f39cf37699b5de7b03d60a5434a5d21"
      }
    }
  }
}
