{
  "meteor": {},
  "dependencies": {
    "basePackages": {
      "iron-router": {},
      "bootstrap3-less": {},
      "spin": {},
      "flash-messages": {},
      "i18n": {},
      "cookie": {},
      "moment": {},
      "nprogress": {},
      "marked": {},
      "font-awesome-4-less": {}
    },
    "packages": {
      "iron-router": {
        "git": "https://github.com/EventedMind/iron-router.git",
        "tag": "v0.6.4",
        "commit": "927bbaed1b87894fb6fb70807f74ff3a5bd89f29"
      },
      "bootstrap3-less": {
        "git": "https://github.com/eprochasson/bootstrap3-less",
        "tag": "v0.1.9",
        "commit": "5c812c4d7ce72917a065f0424c3cf54e5ff2d16a"
      },
      "spin": {
        "git": "https://github.com/SachaG/meteor-spin.git",
        "tag": "v0.2.2",
        "commit": "3f655f0016228e4195acc784c45d3e3a247dc39f"
      },
      "flash-messages": {
        "git": "https://github.com/camilosw/flash-messages.git",
        "tag": "v0.2.3",
        "commit": "fdebd773753682e168af47a1d2ffc1da47e1ce49"
      },
      "i18n": {
        "git": "https://github.com/jerico-dev/meteor-i18n.git",
        "tag": "v0.1.2",
        "commit": "e24f4ad9242741984dfa3985be4ed2c3bc34f9d5"
      },
      "cookie": {
        "git": "https://github.com/chuangbo/meteor-cookie.git",
        "tag": "v1.0.2.3",
        "commit": "f39620ef5650642c38f51b512d82a9b34924b609"
      },
      "moment": {
        "git": "https://github.com/acreeger/meteor-moment.git",
        "tag": "v2.5.1",
        "commit": "8c9bc5d3fc96705057737cb9743d555417f6e551"
      },
      "nprogress": {
        "git": "https://github.com/zhouzhuojie/meteor-nprogress.git",
        "tag": "v0.0.3",
        "commit": "ffd1c5dd400af64121197f4e637a215c4b6b1fc7"
      },
      "marked": {
        "git": "https://github.com/chuangbo/meteor-marked.git",
        "tag": "v0.3.1",
        "commit": "3d9a9c94793b20e1ee7c807931cb536010d6f820"
      },
      "font-awesome-4-less": {
        "git": "https://github.com/svub/fontawesome4-less.git",
        "tag": "v4.3.7",
        "commit": "21f60350cd238fb7053132f42409a3090f76939e"
      }
    }
  }
}
